
Microsoft Visual Studio Solution File, Format Version 12.00
# Visual Studio Version 17
VisualStudioVersion = 17.1.32328.378
MinimumVisualStudioVersion = 10.0.40219.1
Project("{FAE04EC0-301F-11D3-BF4B-00C04F79EFBC}") = "DefineAttribute", "DefineAttribute\DefineAttribute.csproj", "{B6AC7AB7-CAE7-46E8-A41D-F83C2074AA60}"
EndProject
Global
	GlobalSection(SolutionConfigurationPlatforms) = preSolution
		Debug|Any CPU = Debug|Any CPU
		Release|Any CPU = Release|Any CPU
	EndGlobalSection
	GlobalSection(ProjectConfigurationPlatforms) = postSolution
		{B6AC7AB7-CAE7-46E8-A41D-F83C2074AA60}.Debug|Any CPU.ActiveCfg = Debug|Any CPU
		{B6AC7AB7-CAE7-46E8-A41D-F83C2074AA60}.Debug|Any CPU.Build.0 = Debug|Any CPU
		{B6AC7AB7-CAE7-46E8-A41D-F83C2074AA60}.Release|Any CPU.ActiveCfg = Release|Any CPU
		{B6AC7AB7-CAE7-46E8-A41D-F83C2074AA60}.Release|Any CPU.Build.0 = Release|Any CPU
	EndGlobalSection
	GlobalSection(SolutionProperties) = preSolution
		HideSolutionNode = FALSE
	EndGlobalSection
	GlobalSection(ExtensibilityGlobals) = postSolution
		SolutionGuid = {DE47D44F-A524-45FD-9290-6A13E646F782}
	EndGlobalSection
EndGlobal
